// !$*UTF8*$!
{
	archiveVersion = 1;
	classes = {
	};
	objectVersion = 46;
	objects = {

/* Begin PBXBuildFile section */
		FE0F7E551D0DB95300869EAF /* SwiftyJSON.framework in Frameworks */ = {isa = PBXBuildFile; fileRef = FE0F7E531D0DB95300869EAF /* SwiftyJSON.framework */; };
		FE0F7E561D0DB95300869EAF /* Alamofire.framework in Frameworks */ = {isa = PBXBuildFile; fileRef = FE0F7E541D0DB95300869EAF /* Alamofire.framework */; };
		FE0F7E591D0DBA1B00869EAF /* ArticleListViewController.swift in Sources */ = {isa = PBXBuildFile; fileRef = FE0F7E581D0DBA1B00869EAF /* ArticleListViewController.swift */; };
		FE48A53A1D0D9378006351F3 /* AppDelegate.swift in Sources */ = {isa = PBXBuildFile; fileRef = FE48A5391D0D9378006351F3 /* AppDelegate.swift */; };
		FE48A53F1D0D9378006351F3 /* Main.storyboard in Resources */ = {isa = PBXBuildFile; fileRef = FE48A53D1D0D9378006351F3 /* Main.storyboard */; };
		FE48A5411D0D9378006351F3 /* Assets.xcassets in Resources */ = {isa = PBXBuildFile; fileRef = FE48A5401D0D9378006351F3 /* Assets.xcassets */; };
		FE48A5441D0D9378006351F3 /* LaunchScreen.storyboard in Resources */ = {isa = PBXBuildFile; fileRef = FE48A5421D0D9378006351F3 /* LaunchScreen.storyboard */; };
		FE48A54F1D0D9378006351F3 /* CarthageExampleTests.swift in Sources */ = {isa = PBXBuildFile; fileRef = FE48A54E1D0D9378006351F3 /* CarthageExampleTests.swift */; };
		FE48A55A1D0D9378006351F3 /* CarthageExampleUITests.swift in Sources */ = {isa = PBXBuildFile; fileRef = FE48A5591D0D9378006351F3 /* CarthageExampleUITests.swift */; };
/* End PBXBuildFile section */

/* Begin PBXContainerItemProxy section */
		FE48A54B1D0D9378006351F3 /* PBXContainerItemProxy */ = {
			isa = PBXContainerItemProxy;
			containerPortal = FE48A52E1D0D9378006351F3 /* Project object */;
			proxyType = 1;
			remoteGlobalIDString = FE48A5351D0D9378006351F3;
			remoteInfo = CarthageExample;
		};
		FE48A5561D0D9378006351F3 /* PBXContainerItemProxy */ = {
			isa = PBXContainerItemProxy;
			containerPortal = FE48A52E1D0D9378006351F3 /* Project object */;
			proxyType = 1;
			remoteGlobalIDString = FE48A5351D0D9378006351F3;
			remoteInfo = CarthageExample;
		};
/* End PBXContainerItemProxy section */

/* Begin PBXFileReference section */
		FE0F7E531D0DB95300869EAF /* SwiftyJSON.framework */ = {isa = PBXFileReference; lastKnownFileType = wrapper.framework; name = SwiftyJSON.framework; path = Carthage/Build/iOS/SwiftyJSON.framework; sourceTree = "<group>"; };
		FE0F7E541D0DB95300869EAF /* Alamofire.framework */ = {isa = PBXFileReference; lastKnownFileType = wrapper.framework; name = Alamofire.framework; path = Carthage/Build/iOS/Alamofire.framework; sourceTree = "<group>"; };
		FE0F7E581D0DBA1B00869EAF /* ArticleListViewController.swift */ = {isa = PBXFileReference; fileEncoding = 4; lastKnownFileType = sourcecode.swift; path = ArticleListViewController.swift; sourceTree = "<group>"; };
		FE48A5361D0D9378006351F3 /* CarthageExample.app */ = {isa = PBXFileReference; explicitFileType = wrapper.application; includeInIndex = 0; path = CarthageExample.app; sourceTree = BUILT_PRODUCTS_DIR; };
		FE48A5391D0D9378006351F3 /* AppDelegate.swift */ = {isa = PBXFileReference; lastKnownFileType = sourcecode.swift; path = AppDelegate.swift; sourceTree = "<group>"; };
		FE48A53E1D0D9378006351F3 /* Base */ = {isa = PBXFileReference; lastKnownFileType = file.storyboard; name = Base; path = Base.lproj/Main.storyboard; sourceTree = "<group>"; };
		FE48A5401D0D9378006351F3 /* Assets.xcassets */ = {isa = PBXFileReference; lastKnownFileType = folder.assetcatalog; path = Assets.xcassets; sourceTree = "<group>"; };
		FE48A5431D0D9378006351F3 /* Base */ = {isa = PBXFileReference; lastKnownFileType = file.storyboard; name = Base; path = Base.lproj/LaunchScreen.storyboard; sourceTree = "<group>"; };
		FE48A5451D0D9378006351F3 /* Info.plist */ = {isa = PBXFileReference; lastKnownFileType = text.plist.xml; path = Info.plist; sourceTree = "<group>"; };
		FE48A54A1D0D9378006351F3 /* CarthageExampleTests.xctest */ = {isa = PBXFileReference; explicitFileType = wrapper.cfbundle; includeInIndex = 0; path = CarthageExampleTests.xctest; sourceTree = BUILT_PRODUCTS_DIR; };
		FE48A54E1D0D9378006351F3 /* CarthageExampleTests.swift */ = {isa = PBXFileReference; lastKnownFileType = sourcecode.swift; path = CarthageExampleTests.swift; sourceTree = "<group>"; };
		FE48A5501D0D9378006351F3 /* Info.plist */ = {isa = PBXFileReference; lastKnownFileType = text.plist.xml; path = Info.plist; sourceTree = "<group>"; };
		FE48A5551D0D9378006351F3 /* CarthageExampleUITests.xctest */ = {isa = PBXFileReference; explicitFileType = wrapper.cfbundle; includeInIndex = 0; path = CarthageExampleUITests.xctest; sourceTree = BUILT_PRODUCTS_DIR; };
		FE48A5591D0D9378006351F3 /* CarthageExampleUITests.swift */ = {isa = PBXFileReference; lastKnownFileType = sourcecode.swift; path = CarthageExampleUITests.swift; sourceTree = "<group>"; };
		FE48A55B1D0D9378006351F3 /* Info.plist */ = {isa = PBXFileReference; lastKnownFileType = text.plist.xml; path = Info.plist; sourceTree = "<group>"; };
/* End PBXFileReference section */

/* Begin PBXFrameworksBuildPhase section */
		FE48A5331D0D9378006351F3 /* Frameworks */ = {
			isa = PBXFrameworksBuildPhase;
			buildActionMask = 2147483647;
			files = (
				FE0F7E551D0DB95300869EAF /* SwiftyJSON.framework in Frameworks */,
				FE0F7E561D0DB95300869EAF /* Alamofire.framework in Frameworks */,
			);
			runOnlyForDeploymentPostprocessing = 0;
		};
		FE48A5471D0D9378006351F3 /* Frameworks */ = {
			isa = PBXFrameworksBuildPhase;
			buildActionMask = 2147483647;
			files = (
			);
			runOnlyForDeploymentPostprocessing = 0;
		};
		FE48A5521D0D9378006351F3 /* Frameworks */ = {
			isa = PBXFrameworksBuildPhase;
			buildActionMask = 2147483647;
			files = (
			);
			runOnlyForDeploymentPostprocessing = 0;
		};
/* End PBXFrameworksBuildPhase section */

/* Begin PBXGroup section */
		FE48A52D1D0D9378006351F3 = {
			isa = PBXGroup;
			children = (
				FE0F7E531D0DB95300869EAF /* SwiftyJSON.framework */,
				FE0F7E541D0DB95300869EAF /* Alamofire.framework */,
				FE48A5381D0D9378006351F3 /* CarthageExample */,
				FE48A54D1D0D9378006351F3 /* CarthageExampleTests */,
				FE48A5581D0D9378006351F3 /* CarthageExampleUITests */,
				FE48A5371D0D9378006351F3 /* Products */,
			);
			sourceTree = "<group>";
		};
		FE48A5371D0D9378006351F3 /* Products */ = {
			isa = PBXGroup;
			children = (
				FE48A5361D0D9378006351F3 /* CarthageExample.app */,
				FE48A54A1D0D9378006351F3 /* CarthageExampleTests.xctest */,
				FE48A5551D0D9378006351F3 /* CarthageExampleUITests.xctest */,
			);
			name = Products;
			sourceTree = "<group>";
		};
		FE48A5381D0D9378006351F3 /* CarthageExample */ = {
			isa = PBXGroup;
			children = (
				FE48A5391D0D9378006351F3 /* AppDelegate.swift */,
				FE48A53D1D0D9378006351F3 /* Main.storyboard */,
				FE48A5401D0D9378006351F3 /* Assets.xcassets */,
				FE48A5421D0D9378006351F3 /* LaunchScreen.storyboard */,
				FE48A5451D0D9378006351F3 /* Info.plist */,
				FE0F7E581D0DBA1B00869EAF /* ArticleListViewController.swift */,
			);
			path = CarthageExample;
			sourceTree = "<group>";
		};
		FE48A54D1D0D9378006351F3 /* CarthageExampleTests */ = {
			isa = PBXGroup;
			children = (
				FE48A54E1D0D9378006351F3 /* CarthageExampleTests.swift */,
				FE48A5501D0D9378006351F3 /* Info.plist */,
			);
			path = CarthageExampleTests;
			sourceTree = "<group>";
		};
		FE48A5581D0D9378006351F3 /* CarthageExampleUITests */ = {
			isa = PBXGroup;
			children = (
				FE48A5591D0D9378006351F3 /* CarthageExampleUITests.swift */,
				FE48A55B1D0D9378006351F3 /* Info.plist */,
			);
			path = CarthageExampleUITests;
			sourceTree = "<group>";
		};
/* End PBXGroup section */

/* Begin PBXNativeTarget section */
		FE48A5351D0D9378006351F3 /* CarthageExample */ = {
			isa = PBXNativeTarget;
			buildConfigurationList = FE48A55E1D0D9378006351F3 /* Build configuration list for PBXNativeTarget "CarthageExample" */;
			buildPhases = (
				FE48A5321D0D9378006351F3 /* Sources */,
				FE48A5331D0D9378006351F3 /* Frameworks */,
				FE48A5341D0D9378006351F3 /* Resources */,
				FE0F7E571D0DB96100869EAF /* ShellScript */,
			);
			buildRules = (
			);
			dependencies = (
			);
			name = CarthageExample;
			productName = CarthageExample;
			productReference = FE48A5361D0D9378006351F3 /* CarthageExample.app */;
			productType = "com.apple.product-type.application";
		};
		FE48A5491D0D9378006351F3 /* CarthageExampleTests */ = {
			isa = PBXNativeTarget;
			buildConfigurationList = FE48A5611D0D9378006351F3 /* Build configuration list for PBXNativeTarget "CarthageExampleTests" */;
			buildPhases = (
				FE48A5461D0D9378006351F3 /* Sources */,
				FE48A5471D0D9378006351F3 /* Frameworks */,
				FE48A5481D0D9378006351F3 /* Resources */,
			);
			buildRules = (
			);
			dependencies = (
				FE48A54C1D0D9378006351F3 /* PBXTargetDependency */,
			);
			name = CarthageExampleTests;
			productName = CarthageExampleTests;
			productReference = FE48A54A1D0D9378006351F3 /* CarthageExampleTests.xctest */;
			productType = "com.apple.product-type.bundle.unit-test";
		};
		FE48A5541D0D9378006351F3 /* CarthageExampleUITests */ = {
			isa = PBXNativeTarget;
			buildConfigurationList = FE48A5641D0D9378006351F3 /* Build configuration list for PBXNativeTarget "CarthageExampleUITests" */;
			buildPhases = (
				FE48A5511D0D9378006351F3 /* Sources */,
				FE48A5521D0D9378006351F3 /* Frameworks */,
				FE48A5531D0D9378006351F3 /* Resources */,
			);
			buildRules = (
			);
			dependencies = (
				FE48A5571D0D9378006351F3 /* PBXTargetDependency */,
			);
			name = CarthageExampleUITests;
			productName = CarthageExampleUITests;
			productReference = FE48A5551D0D9378006351F3 /* CarthageExampleUITests.xctest */;
			productType = "com.apple.product-type.bundle.ui-testing";
		};
/* End PBXNativeTarget section */

/* Begin PBXProject section */
		FE48A52E1D0D9378006351F3 /* Project object */ = {
			isa = PBXProject;
			attributes = {
				LastSwiftUpdateCheck = 0730;
				LastUpgradeCheck = 0730;
				ORGANIZATIONNAME = hnw;
				TargetAttributes = {
					FE48A5351D0D9378006351F3 = {
						CreatedOnToolsVersion = 7.3.1;
					};
					FE48A5491D0D9378006351F3 = {
						CreatedOnToolsVersion = 7.3.1;
						TestTargetID = FE48A5351D0D9378006351F3;
					};
					FE48A5541D0D9378006351F3 = {
						CreatedOnToolsVersion = 7.3.1;
						TestTargetID = FE48A5351D0D9378006351F3;
					};
				};
			};
			buildConfigurationList = FE48A5311D0D9378006351F3 /* Build configuration list for PBXProject "CarthageExample" */;
			compatibilityVersion = "Xcode 3.2";
			developmentRegion = English;
			hasScannedForEncodings = 0;
			knownRegions = (
				en,
				Base,
			);
			mainGroup = FE48A52D1D0D9378006351F3;
			productRefGroup = FE48A5371D0D9378006351F3 /* Products */;
			projectDirPath = "";
			projectRoot = "";
			targets = (
				FE48A5351D0D9378006351F3 /* CarthageExample */,
				FE48A5491D0D9378006351F3 /* CarthageExampleTests */,
				FE48A5541D0D9378006351F3 /* CarthageExampleUITests */,
			);
		};
/* End PBXProject section */

/* Begin PBXResourcesBuildPhase section */
		FE48A5341D0D9378006351F3 /* Resources */ = {
			isa = PBXResourcesBuildPhase;
			buildActionMask = 2147483647;
			files = (
				FE48A5441D0D9378006351F3 /* LaunchScreen.storyboard in Resources */,
				FE48A5411D0D9378006351F3 /* Assets.xcassets in Resources */,
				FE48A53F1D0D9378006351F3 /* Main.storyboard in Resources */,
			);
			runOnlyForDeploymentPostprocessing = 0;
		};
		FE48A5481D0D9378006351F3 /* Resources */ = {
			isa = PBXResourcesBuildPhase;
			buildActionMask = 2147483647;
			files = (
			);
			runOnlyForDeploymentPostprocessing = 0;
		};
		FE48A5531D0D9378006351F3 /* Resources */ = {
			isa = PBXResourcesBuildPhase;
			buildActionMask = 2147483647;
			files = (
			);
			runOnlyForDeploymentPostprocessing = 0;
		};
/* End PBXResourcesBuildPhase section */

/* Begin PBXShellScriptBuildPhase section */
		FE0F7E571D0DB96100869EAF /* ShellScript */ = {
			isa = PBXShellScriptBuildPhase;
			buildActionMask = 2147483647;
			files = (
			);
			inputPaths = (
				"$(SRCROOT)/Carthage/Build/iOS/Alamofire.framework",
				"$(SRCROOT)/Carthage/Build/iOS/SwiftyJSON.framework",
			);
			outputPaths = (
			);
			runOnlyForDeploymentPostprocessing = 0;
			shellPath = /bin/sh;
			shellScript = "/usr/local/bin/carthage copy-frameworks";
		};
/* End PBXShellScriptBuildPhase section */

/* Begin PBXSourcesBuildPhase section */
		FE48A5321D0D9378006351F3 /* Sources */ = {
			isa = PBXSourcesBuildPhase;
			buildActionMask = 2147483647;
			files = (
				FE48A53A1D0D9378006351F3 /* AppDelegate.swift in Sources */,
				FE0F7E591D0DBA1B00869EAF /* ArticleListViewController.swift in Sources */,
			);
			runOnlyForDeploymentPostprocessing = 0;
		};
		FE48A5461D0D9378006351F3 /* Sources */ = {
			isa = PBXSourcesBuildPhase;
			buildActionMask = 2147483647;
			files = (
				FE48A54F1D0D9378006351F3 /* CarthageExampleTests.swift in Sources */,
			);
			runOnlyForDeploymentPostprocessing = 0;
		};
		FE48A5511D0D9378006351F3 /* Sources */ = {
			isa = PBXSourcesBuildPhase;
			buildActionMask = 2147483647;
			files = (
				FE48A55A1D0D9378006351F3 /* CarthageExampleUITests.swift in Sources */,
			);
			runOnlyForDeploymentPostprocessing = 0;
		};
/* End PBXSourcesBuildPhase section */

/* Begin PBXTargetDependency section */
		FE48A54C1D0D9378006351F3 /* PBXTargetDependency */ = {
			isa = PBXTargetDependency;
			target = FE48A5351D0D9378006351F3 /* CarthageExample */;
			targetProxy = FE48A54B1D0D9378006351F3 /* PBXContainerItemProxy */;
		};
		FE48A5571D0D9378006351F3 /* PBXTargetDependency */ = {
			isa = PBXTargetDependency;
			target = FE48A5351D0D9378006351F3 /* CarthageExample */;
			targetProxy = FE48A5561D0D9378006351F3 /* PBXContainerItemProxy */;
		};
/* End PBXTargetDependency section */

/* Begin PBXVariantGroup section */
		FE48A53D1D0D9378006351F3 /* Main.storyboard */ = {
			isa = PBXVariantGroup;
			children = (
				FE48A53E1D0D9378006351F3 /* Base */,
			);
			name = Main.storyboard;
			sourceTree = "<group>";
		};
		FE48A5421D0D9378006351F3 /* LaunchScreen.storyboard */ = {
			isa = PBXVariantGroup;
			children = (
				FE48A5431D0D9378006351F3 /* Base */,
			);
			name = LaunchScreen.storyboard;
			sourceTree = "<group>";
		};
/* End PBXVariantGroup section */

/* Begin XCBuildConfiguration section */
		FE48A55C1D0D9378006351F3 /* Debug */ = {
			isa = XCBuildConfiguration;
			buildSettings = {
				ALWAYS_SEARCH_USER_PATHS = NO;
				CLANG_ANALYZER_NONNULL = YES;
				CLANG_CXX_LANGUAGE_STANDARD = "gnu++0x";
				CLANG_CXX_LIBRARY = "libc++";
				CLANG_ENABLE_MODULES = YES;
				CLANG_ENABLE_OBJC_ARC = YES;
				CLANG_WARN_BOOL_CONVERSION = YES;
				CLANG_WARN_CONSTANT_CONVERSION = YES;
				CLANG_WARN_DIRECT_OBJC_ISA_USAGE = YES_ERROR;
				CLANG_WARN_EMPTY_BODY = YES;
				CLANG_WARN_ENUM_CONVERSION = YES;
				CLANG_WARN_INT_CONVERSION = YES;
				CLANG_WARN_OBJC_ROOT_CLASS = YES_ERROR;
				CLANG_WARN_UNREACHABLE_CODE = YES;
				CLANG_WARN__DUPLICATE_METHOD_MATCH = YES;
				"CODE_SIGN_IDENTITY[sdk=iphoneos*]" = "iPhone Developer";
				COPY_PHASE_STRIP = NO;
				DEBUG_INFORMATION_FORMAT = dwarf;
				ENABLE_STRICT_OBJC_MSGSEND = YES;
				ENABLE_TESTABILITY = YES;
				GCC_C_LANGUAGE_STANDARD = gnu99;
				GCC_DYNAMIC_NO_PIC = NO;
				GCC_NO_COMMON_BLOCKS = YES;
				GCC_OPTIMIZATION_LEVEL = 0;
				GCC_PREPROCESSOR_DEFINITIONS = (
					"DEBUG=1",
					"$(inherited)",
				);
				GCC_WARN_64_TO_32_BIT_CONVERSION = YES;
				GCC_WARN_ABOUT_RETURN_TYPE = YES_ERROR;
				GCC_WARN_UNDECLARED_SELECTOR = YES;
				GCC_WARN_UNINITIALIZED_AUTOS = YES_AGGRESSIVE;
				GCC_WARN_UNUSED_FUNCTION = YES;
				GCC_WARN_UNUSED_VARIABLE = YES;
				IPHONEOS_DEPLOYMENT_TARGET = 9.3;
				MTL_ENABLE_DEBUG_INFO = YES;
				ONLY_ACTIVE_ARCH = YES;
				SDKROOT = iphoneos;
				SWIFT_OPTIMIZATION_LEVEL = "-Onone";
			};
			name = Debug;
		};
		FE48A55D1D0D9378006351F3 /* Release */ = {
			isa = XCBuildConfiguration;
			buildSettings = {
				ALWAYS_SEARCH_USER_PATHS = NO;
				CLANG_ANALYZER_NONNULL = YES;
				CLANG_CXX_LANGUAGE_STANDARD = "gnu++0x";
				CLANG_CXX_LIBRARY = "libc++";
				CLANG_ENABLE_MODULES = YES;
				CLANG_ENABLE_OBJC_ARC = YES;
				CLANG_WARN_BOOL_CONVERSION = YES;
				CLANG_WARN_CONSTANT_CONVERSION = YES;
				CLANG_WARN_DIRECT_OBJC_ISA_USAGE = YES_ERROR;
				CLANG_WARN_EMPTY_BODY = YES;
				CLANG_WARN_ENUM_CONVERSION = YES;
				CLANG_WARN_INT_CONVERSION = YES;
				CLANG_WARN_OBJC_ROOT_CLASS = YES_ERROR;
				CLANG_WARN_UNREACHABLE_CODE = YES;
				CLANG_WARN__DUPLICATE_METHOD_MATCH = YES;
				"CODE_SIGN_IDENTITY[sdk=iphoneos*]" = "iPhone Developer";
				COPY_PHASE_STRIP = NO;
				DEBUG_INFORMATION_FORMAT = "dwarf-with-dsym";
				ENABLE_NS_ASSERTIONS = NO;
				ENABLE_STRICT_OBJC_MSGSEND = YES;
				GCC_C_LANGUAGE_STANDARD = gnu99;
				GCC_NO_COMMON_BLOCKS = YES;
				GCC_WARN_64_TO_32_BIT_CONVERSION = YES;
				GCC_WARN_ABOUT_RETURN_TYPE = YES_ERROR;
				GCC_WARN_UNDECLARED_SELECTOR = YES;
				GCC_WARN_UNINITIALIZED_AUTOS = YES_AGGRESSIVE;
				GCC_WARN_UNUSED_FUNCTION = YES;
				GCC_WARN_UNUSED_VARIABLE = YES;
				IPHONEOS_DEPLOYMENT_TARGET = 9.3;
				MTL_ENABLE_DEBUG_INFO = NO;
				SDKROOT = iphoneos;
				VALIDATE_PRODUCT = YES;
			};
			name = Release;
		};
		FE48A55F1D0D9378006351F3 /* Debug */ = {
			isa = XCBuildConfiguration;
			buildSettings = {
				ASSETCATALOG_COMPILER_APPICON_NAME = AppIcon;
				FRAMEWORK_SEARCH_PATHS = (
					"$(inherited)",
					"$(PROJECT_DIR)/Carthage/Build/iOS",
				);
				INFOPLIST_FILE = CarthageExample/Info.plist;
				LD_RUNPATH_SEARCH_PATHS = "$(inherited) @executable_path/Frameworks";
				PRODUCT_BUNDLE_IDENTIFIER = jp.hnw.CarthageExample;
				PRODUCT_NAME = "$(TARGET_NAME)";
			};
			name = Debug;
		};
		FE48A5601D0D9378006351F3 /* Release */ = {
			isa = XCBuildConfiguration;
			buildSettings = {
				ASSETCATALOG_COMPILER_APPICON_NAME = AppIcon;
				FRAMEWORK_SEARCH_PATHS = (
					"$(inherited)",
					"$(PROJECT_DIR)/Carthage/Build/iOS",
				);
				INFOPLIST_FILE = CarthageExample/Info.plist;
				LD_RUNPATH_SEARCH_PATHS = "$(inherited) @executable_path/Frameworks";
				PRODUCT_BUNDLE_IDENTIFIER = jp.hnw.CarthageExample;
				PRODUCT_NAME = "$(TARGET_NAME)";
			};
			name = Release;
		};
		FE48A5621D0D9378006351F3 /* Debug */ = {
			isa = XCBuildConfiguration;
			buildSettings = {
				BUNDLE_LOADER = "$(TEST_HOST)";
				INFOPLIST_FILE = CarthageExampleTests/Info.plist;
				LD_RUNPATH_SEARCH_PATHS = "$(inherited) @executable_path/Frameworks @loader_path/Frameworks";
				PRODUCT_BUNDLE_IDENTIFIER = jp.hnw.CarthageExampleTests;
				PRODUCT_NAME = "$(TARGET_NAME)";
				TEST_HOST = "$(BUILT_PRODUCTS_DIR)/CarthageExample.app/CarthageExample";
			};
			name = Debug;
		};
		FE48A5631D0D9378006351F3 /* Release */ = {
			isa = XCBuildConfiguration;
			buildSettings = {
				BUNDLE_LOADER = "$(TEST_HOST)";
				INFOPLIST_FILE = CarthageExampleTests/Info.plist;
				LD_RUNPATH_SEARCH_PATHS = "$(inherited) @executable_path/Frameworks @loader_path/Frameworks";
				PRODUCT_BUNDLE_IDENTIFIER = jp.hnw.CarthageExampleTests;
				PRODUCT_NAME = "$(TARGET_NAME)";
				TEST_HOST = "$(BUILT_PRODUCTS_DIR)/CarthageExample.app/CarthageExample";
			};
			name = Release;
		};
		FE48A5651D0D9378006351F3 /* Debug */ = {
			isa = XCBuildConfiguration;
			buildSettings = {
				INFOPLIST_FILE = CarthageExampleUITests/Info.plist;
				LD_RUNPATH_SEARCH_PATHS = "$(inherited) @executable_path/Frameworks @loader_path/Frameworks";
				PRODUCT_BUNDLE_IDENTIFIER = jp.hnw.CarthageExampleUITests;
				PRODUCT_NAME = "$(TARGET_NAME)";
				TEST_TARGET_NAME = CarthageExample;
			};
			name = Debug;
		};
		FE48A5661D0D9378006351F3 /* Release */ = {
			isa = XCBuildConfiguration;
			buildSettings = {
				INFOPLIST_FILE = CarthageExampleUITests/Info.plist;
				LD_RUNPATH_SEARCH_PATHS = "$(inherited) @executable_path/Frameworks @loader_path/Frameworks";
				PRODUCT_BUNDLE_IDENTIFIER = jp.hnw.CarthageExampleUITests;
				PRODUCT_NAME = "$(TARGET_NAME)";
				TEST_TARGET_NAME = CarthageExample;
			};
			name = Release;
		};
/* End XCBuildConfiguration section */

/* Begin XCConfigurationList section */
		FE48A5311D0D9378006351F3 /* Build configuration list for PBXProject "CarthageExample" */ = {
			isa = XCConfigurationList;
			buildConfigurations = (
				FE48A55C1D0D9378006351F3 /* Debug */,
				FE48A55D1D0D9378006351F3 /* Release */,
			);
			defaultConfigurationIsVisible = 0;
			defaultConfigurationName = Release;
		};
		FE48A55E1D0D9378006351F3 /* Build configuration list for PBXNativeTarget "CarthageExample" */ = {
			isa = XCConfigurationList;
			buildConfigurations = (
				FE48A55F1D0D9378006351F3 /* Debug */,
				FE48A5601D0D9378006351F3 /* Release */,
			);
			defaultConfigurationIsVisible = 0;
			defaultConfigurationName = Release;
		};
		FE48A5611D0D9378006351F3 /* Build configuration list for PBXNativeTarget "CarthageExampleTests" */ = {
			isa = XCConfigurationList;
			buildConfigurations = (
				FE48A5621D0D9378006351F3 /* Debug */,
				FE48A5631D0D9378006351F3 /* Release */,
			);
			defaultConfigurationIsVisible = 0;
			defaultConfigurationName = Release;
		};
		FE48A5641D0D9378006351F3 /* Build configuration list for PBXNativeTarget "CarthageExampleUITests" */ = {
			isa = XCConfigurationList;
			buildConfigurations = (
				FE48A5651D0D9378006351F3 /* Debug */,
				FE48A5661D0D9378006351F3 /* Release */,
			);
			defaultConfigurationIsVisible = 0;
			defaultConfigurationName = Release;
		};
/* End XCConfigurationList section */
	};
	rootObject = FE48A52E1D0D9378006351F3 /* Project object */;
}
